{
    "_readme": [
        "This file locks the dependencies of your project to a known state",
        "Read more about it at https://getcomposer.org/doc/01-basic-usage.md#composer-lock-the-lock-file",
        "This file is @generated automatically"
    ],
    "content-hash": "39d1d0da279dca77fc6bd58a944772f0",
    "packages": [
        {
            "name": "rospdf/pdf-php",
            "version": "0.12.48",
            "source": {
                "type": "git",
                "url": "https://github.com/rospdf/pdf-php.git",
                "reference": "7af97bde9fdfc91fecfa571134c84ce3dc6f88ea"
            },
            "dist": {
                "type": "zip",
                "url": "https://api.github.com/repos/rospdf/pdf-php/zipball/7af97bde9fdfc91fecfa571134c84ce3dc6f88ea",
                "reference": "7af97bde9fdfc91fecfa571134c84ce3dc6f88ea",
                "shasum": ""
            },
            "require": {
                "php": ">=5.4.0"
            },
            "require-dev": {
                "phpunit/phpunit": "3.7.38",
                "squizlabs/php_codesniffer": "2.8.*"
            },
            "type": "library",
            "extra": {
                "branch-alias": {
                    "dev-experimental": "0.13.x-dev",
                    "dev-master": "0.12.x-dev"
                }
            },
            "autoload": {
                "files": [
                    "src/Cpdf.php",
                    "src/Cezpdf.php"
                ]
            },
            "notification-url": "https://packagist.org/downloads/",
            "license": [
                "MIT"
            ],
            "authors": [
                {
                    "name": "Lars Olesen",
                    "email": "lars@intraface.dk",
                    "role": "Developer"
                },
                {
                    "name": "Ole Koeckemann",
                    "email": "ole.k@web.de",
                    "role": "Project Head / Developer"
                },
                {
                    "name": "Sune Jensen",
                    "email": "sj@sunet.dk",
                    "role": "Developer"
                },
                {
                    "name": "Nicola Asuni",
                    "email": "info@tecnick.com",
                    "role": "Developer"
                },
                {
                    "name": "Wayne Munro",
                    "email": "pdf@ros.co.nz",
                    "role": "Founder / Inactive"
                }
            ],
            "description": "The R&OS Pdf class supports the creation of PDF documents without any adiditional modules or extensions.",
            "homepage": "https://github.com/rospdf/pdf-php",
            "time": "2018-08-24T18:25:10+00:00"
        }
    ],
    "packages-dev": [],
    "aliases": [],
    "minimum-stability": "stable",
    "stability-flags": [],
    "prefer-stable": false,
    "prefer-lowest": false,
    "platform": {
        "php": ">=5.4.0"
    },
    "platform-dev": []
}
